
Microsoft Visual Studio Solution File, Format Version 12.00
# Visual Studio Version 17
VisualStudioVersion = 17.3.32929.385
MinimumVisualStudioVersion = 10.0.40219.1
Project("{FAE04EC0-301F-11D3-BF4B-00C04F79EFBC}") = "ConsoleApp1", "ConsoleApp1\ConsoleApp1.csproj", "{9566B90B-9111-43DC-8826-05D14B8BCBEA}"
EndProject
Global
	GlobalSection(SolutionConfigurationPlatforms) = preSolution
		Debug|Any CPU = Debug|Any CPU
		Release|Any CPU = Release|Any CPU
	EndGlobalSection
	GlobalSection(ProjectConfigurationPlatforms) = postSolution
		{9566B90B-9111-43DC-8826-05D14B8BCBEA}.Debug|Any CPU.ActiveCfg = Debug|Any CPU
		{9566B90B-9111-43DC-8826-05D14B8BCBEA}.Debug|Any CPU.Build.0 = Debug|Any CPU
		{9566B90B-9111-43DC-8826-05D14B8BCBEA}.Release|Any CPU.ActiveCfg = Release|Any CPU
		{9566B90B-9111-43DC-8826-05D14B8BCBEA}.Release|Any CPU.Build.0 = Release|Any CPU
	EndGlobalSection
	GlobalSection(SolutionProperties) = preSolution
		HideSolutionNode = FALSE
	EndGlobalSection
	GlobalSection(ExtensibilityGlobals) = postSolution
		SolutionGuid = {A7E1FA5F-8CA3-4DD1-A82D-54AC97A5E784}
	EndGlobalSection
EndGlobal
